Microsoft Visual Studio Solution File, Format Version 12.00
# Visual Studio 2012
Project("{FAE04EC0-301F-11D3-BF4B-00C04F79EFBC}") = "testBox", "testBox.csproj", "{22C59F4E-76B0-4437-A069-FE6E7BD2D0FB}"
EndProject
Global
	GlobalSection(SolutionConfigurationPlatforms) = preSolution
	Debug|Any CPU = Debug|Any CPU
	ExportDebug|Any CPU = ExportDebug|Any CPU
	ExportRelease|Any CPU = ExportRelease|Any CPU
	EndGlobalSection
	GlobalSection(ProjectConfigurationPlatforms) = postSolution
		{22C59F4E-76B0-4437-A069-FE6E7BD2D0FB}.Debug|Any CPU.ActiveCfg = Debug|Any CPU
		{22C59F4E-76B0-4437-A069-FE6E7BD2D0FB}.Debug|Any CPU.Build.0 = Debug|Any CPU
		{22C59F4E-76B0-4437-A069-FE6E7BD2D0FB}.ExportDebug|Any CPU.ActiveCfg = ExportDebug|Any CPU
		{22C59F4E-76B0-4437-A069-FE6E7BD2D0FB}.ExportDebug|Any CPU.Build.0 = ExportDebug|Any CPU
		{22C59F4E-76B0-4437-A069-FE6E7BD2D0FB}.ExportRelease|Any CPU.ActiveCfg = ExportRelease|Any CPU
		{22C59F4E-76B0-4437-A069-FE6E7BD2D0FB}.ExportRelease|Any CPU.Build.0 = ExportRelease|Any CPU
	EndGlobalSection
EndGlobal
